
Microsoft Visual Studio Solution File, Format Version 12.00
# Visual Studio 15
VisualStudioVersion = 15.0.26403.3
MinimumVisualStudioVersion = 10.0.40219.1
Project("{2150E333-8FDC-42A3-9474-1A3956D46DE8}") = "src", "src", "{CE6B50B2-34AE-44C9-940A-4E48C3E1B3BC}"
EndProject
Project("{2150E333-8FDC-42A3-9474-1A3956D46DE8}") = "test", "test", "{258D5057-81B9-40EC-A872-D21E27452749}"
EndProject
Project("{9A19103F-16F7-4668-BE54-9A1E7A4F7556}") = "dotnet-ef", "src\dotnet-ef\dotnet-ef.csproj", "{2D66A1DA-D102-4DD9-960B-7D863BBB53DE}"
EndProject
Project("{9A19103F-16F7-4668-BE54-9A1E7A4F7556}") = "ef", "src\ef\ef.csproj", "{4F7C93F3-A30F-4061-804C-32293DC256A1}"
EndProject
Project("{9A19103F-16F7-4668-BE54-9A1E7A4F7556}") = "EFCore.Tools", "src\EFCore.Tools\EFCore.Tools.csproj", "{87ADBDB5-CA57-4EAB-9A8A-5E89480C9C6D}"
EndProject
Project("{9A19103F-16F7-4668-BE54-9A1E7A4F7556}") = "EFCore.Tools.DotNet", "src\EFCore.Tools.DotNet\EFCore.Tools.DotNet.csproj", "{31ED3EA7-8270-478D-935D-0067BD7935B7}"
EndProject
Project("{9A19103F-16F7-4668-BE54-9A1E7A4F7556}") = "dotnet-ef.Tests", "test\dotnet-ef.Tests\dotnet-ef.Tests.csproj", "{27018CE2-C235-439C-80F2-C573C8904892}"
EndProject
Project("{9A19103F-16F7-4668-BE54-9A1E7A4F7556}") = "ef.Tests", "test\ef.Tests\ef.Tests.csproj", "{935B51B9-A9B9-4DA2-93A2-663D3BCEAA83}"
EndProject
Global
	GlobalSection(SolutionConfigurationPlatforms) = preSolution
		Debug|Any CPU = Debug|Any CPU
		Release|Any CPU = Release|Any CPU
	EndGlobalSection
	GlobalSection(ProjectConfigurationPlatforms) = postSolution
		{2D66A1DA-D102-4DD9-960B-7D863BBB53DE}.Debug|Any CPU.ActiveCfg = Debug|Any CPU
		{2D66A1DA-D102-4DD9-960B-7D863BBB53DE}.Debug|Any CPU.Build.0 = Debug|Any CPU
		{2D66A1DA-D102-4DD9-960B-7D863BBB53DE}.Release|Any CPU.ActiveCfg = Release|Any CPU
		{2D66A1DA-D102-4DD9-960B-7D863BBB53DE}.Release|Any CPU.Build.0 = Release|Any CPU
		{4F7C93F3-A30F-4061-804C-32293DC256A1}.Debug|Any CPU.ActiveCfg = Debug|Any CPU
		{4F7C93F3-A30F-4061-804C-32293DC256A1}.Debug|Any CPU.Build.0 = Debug|Any CPU
		{4F7C93F3-A30F-4061-804C-32293DC256A1}.Release|Any CPU.ActiveCfg = Release|Any CPU
		{4F7C93F3-A30F-4061-804C-32293DC256A1}.Release|Any CPU.Build.0 = Release|Any CPU
		{87ADBDB5-CA57-4EAB-9A8A-5E89480C9C6D}.Debug|Any CPU.ActiveCfg = Debug|Any CPU
		{87ADBDB5-CA57-4EAB-9A8A-5E89480C9C6D}.Debug|Any CPU.Build.0 = Debug|Any CPU
		{87ADBDB5-CA57-4EAB-9A8A-5E89480C9C6D}.Release|Any CPU.ActiveCfg = Release|Any CPU
		{87ADBDB5-CA57-4EAB-9A8A-5E89480C9C6D}.Release|Any CPU.Build.0 = Release|Any CPU
		{31ED3EA7-8270-478D-935D-0067BD7935B7}.Debug|Any CPU.ActiveCfg = Debug|Any CPU
		{31ED3EA7-8270-478D-935D-0067BD7935B7}.Debug|Any CPU.Build.0 = Debug|Any CPU
		{31ED3EA7-8270-478D-935D-0067BD7935B7}.Release|Any CPU.ActiveCfg = Release|Any CPU
		{31ED3EA7-8270-478D-935D-0067BD7935B7}.Release|Any CPU.Build.0 = Release|Any CPU
		{27018CE2-C235-439C-80F2-C573C8904892}.Debug|Any CPU.ActiveCfg = Debug|Any CPU
		{27018CE2-C235-439C-80F2-C573C8904892}.Debug|Any CPU.Build.0 = Debug|Any CPU
		{27018CE2-C235-439C-80F2-C573C8904892}.Release|Any CPU.ActiveCfg = Release|Any CPU
		{27018CE2-C235-439C-80F2-C573C8904892}.Release|Any CPU.Build.0 = Release|Any CPU
		{935B51B9-A9B9-4DA2-93A2-663D3BCEAA83}.Debug|Any CPU.ActiveCfg = Debug|Any CPU
		{935B51B9-A9B9-4DA2-93A2-663D3BCEAA83}.Debug|Any CPU.Build.0 = Debug|Any CPU
		{935B51B9-A9B9-4DA2-93A2-663D3BCEAA83}.Release|Any CPU.ActiveCfg = Release|Any CPU
		{935B51B9-A9B9-4DA2-93A2-663D3BCEAA83}.Release|Any CPU.Build.0 = Release|Any CPU
	EndGlobalSection
	GlobalSection(SolutionProperties) = preSolution
		HideSolutionNode = FALSE
	EndGlobalSection
	GlobalSection(NestedProjects) = preSolution
		{2D66A1DA-D102-4DD9-960B-7D863BBB53DE} = {CE6B50B2-34AE-44C9-940A-4E48C3E1B3BC}
		{4F7C93F3-A30F-4061-804C-32293DC256A1} = {CE6B50B2-34AE-44C9-940A-4E48C3E1B3BC}
		{87ADBDB5-CA57-4EAB-9A8A-5E89480C9C6D} = {CE6B50B2-34AE-44C9-940A-4E48C3E1B3BC}
		{31ED3EA7-8270-478D-935D-0067BD7935B7} = {CE6B50B2-34AE-44C9-940A-4E48C3E1B3BC}
		{27018CE2-C235-439C-80F2-C573C8904892} = {258D5057-81B9-40EC-A872-D21E27452749}
		{935B51B9-A9B9-4DA2-93A2-663D3BCEAA83} = {258D5057-81B9-40EC-A872-D21E27452749}
	EndGlobalSection
EndGlobal
