
Microsoft Visual Studio Solution File, Format Version 12.00
# Visual Studio 14
VisualStudioVersion = 14.0.25420.1
MinimumVisualStudioVersion = 10.0.40219.1
Project("{2150E333-8FDC-42A3-9474-1A3956D46DE8}") = "src", "src", "{0A0CB496-89D6-49CB-8C53-20B6580BFB83}"
EndProject
Project("{2150E333-8FDC-42A3-9474-1A3956D46DE8}") = "test", "test", "{74258BAD-FFED-4862-8E5E-D81DE377B284}"
EndProject
Project("{8BB2217D-0F2D-49D1-97BC-3654ED321F3B}") = "ef", "src\ef\ef.xproj", "{EA4F8FFB-0A8B-4E04-A6D8-17E4B3D9FC27}"
EndProject
Project("{8BB2217D-0F2D-49D1-97BC-3654ED321F3B}") = "Microsoft.EntityFrameworkCore.Tools.DotNet", "src\Microsoft.EntityFrameworkCore.Tools.DotNet\Microsoft.EntityFrameworkCore.Tools.DotNet.xproj", "{31132653-55A2-4ADB-BABB-60F386D2A98E}"
EndProject
Project("{8BB2217D-0F2D-49D1-97BC-3654ED321F3B}") = "Microsoft.EntityFrameworkCore.Tools", "src\Microsoft.EntityFrameworkCore.Tools\Microsoft.EntityFrameworkCore.Tools.xproj", "{61B63762-135C-4891-BD9C-7AC200DBE3EE}"
EndProject
Project("{8BB2217D-0F2D-49D1-97BC-3654ED321F3B}") = "ef.Tests", "test\ef.Tests\ef.Tests.xproj", "{98E0021C-8333-4338-BF9C-B73F5DAAAA2E}"
EndProject
Project("{8BB2217D-0F2D-49D1-97BC-3654ED321F3B}") = "Microsoft.EntityFrameworkCore.Tools.DotNet.Tests", "test\Microsoft.EntityFrameworkCore.Tools.DotNet.Tests\Microsoft.EntityFrameworkCore.Tools.DotNet.Tests.xproj", "{203132D7-AE7F-49F0-8F4E-75E99A28E989}"
EndProject
Global
	GlobalSection(SolutionConfigurationPlatforms) = preSolution
		Debug_x86|Any CPU = Debug_x86|Any CPU
		Debug|Any CPU = Debug|Any CPU
		Release_x86|Any CPU = Release_x86|Any CPU
		Release|Any CPU = Release|Any CPU
	EndGlobalSection
	GlobalSection(ProjectConfigurationPlatforms) = postSolution
		{EA4F8FFB-0A8B-4E04-A6D8-17E4B3D9FC27}.Debug_x86|Any CPU.ActiveCfg = Debug_x86|Any CPU
		{EA4F8FFB-0A8B-4E04-A6D8-17E4B3D9FC27}.Debug_x86|Any CPU.Build.0 = Debug_x86|Any CPU
		{EA4F8FFB-0A8B-4E04-A6D8-17E4B3D9FC27}.Debug|Any CPU.ActiveCfg = Debug|Any CPU
		{EA4F8FFB-0A8B-4E04-A6D8-17E4B3D9FC27}.Debug|Any CPU.Build.0 = Debug|Any CPU
		{EA4F8FFB-0A8B-4E04-A6D8-17E4B3D9FC27}.Release_x86|Any CPU.ActiveCfg = Release_x86|Any CPU
		{EA4F8FFB-0A8B-4E04-A6D8-17E4B3D9FC27}.Release_x86|Any CPU.Build.0 = Release_x86|Any CPU
		{EA4F8FFB-0A8B-4E04-A6D8-17E4B3D9FC27}.Release|Any CPU.ActiveCfg = Release|Any CPU
		{EA4F8FFB-0A8B-4E04-A6D8-17E4B3D9FC27}.Release|Any CPU.Build.0 = Release|Any CPU
		{31132653-55A2-4ADB-BABB-60F386D2A98E}.Debug_x86|Any CPU.ActiveCfg = Debug|Any CPU
		{31132653-55A2-4ADB-BABB-60F386D2A98E}.Debug_x86|Any CPU.Build.0 = Debug|Any CPU
		{31132653-55A2-4ADB-BABB-60F386D2A98E}.Debug|Any CPU.ActiveCfg = Debug|Any CPU
		{31132653-55A2-4ADB-BABB-60F386D2A98E}.Debug|Any CPU.Build.0 = Debug|Any CPU
		{31132653-55A2-4ADB-BABB-60F386D2A98E}.Release_x86|Any CPU.ActiveCfg = Release|Any CPU
		{31132653-55A2-4ADB-BABB-60F386D2A98E}.Release_x86|Any CPU.Build.0 = Release|Any CPU
		{31132653-55A2-4ADB-BABB-60F386D2A98E}.Release|Any CPU.ActiveCfg = Release|Any CPU
		{31132653-55A2-4ADB-BABB-60F386D2A98E}.Release|Any CPU.Build.0 = Release|Any CPU
		{61B63762-135C-4891-BD9C-7AC200DBE3EE}.Debug_x86|Any CPU.ActiveCfg = Debug|Any CPU
		{61B63762-135C-4891-BD9C-7AC200DBE3EE}.Debug_x86|Any CPU.Build.0 = Debug|Any CPU
		{61B63762-135C-4891-BD9C-7AC200DBE3EE}.Debug|Any CPU.ActiveCfg = Debug|Any CPU
		{61B63762-135C-4891-BD9C-7AC200DBE3EE}.Debug|Any CPU.Build.0 = Debug|Any CPU
		{61B63762-135C-4891-BD9C-7AC200DBE3EE}.Release_x86|Any CPU.ActiveCfg = Release|Any CPU
		{61B63762-135C-4891-BD9C-7AC200DBE3EE}.Release_x86|Any CPU.Build.0 = Release|Any CPU
		{61B63762-135C-4891-BD9C-7AC200DBE3EE}.Release|Any CPU.ActiveCfg = Release|Any CPU
		{61B63762-135C-4891-BD9C-7AC200DBE3EE}.Release|Any CPU.Build.0 = Release|Any CPU
		{98E0021C-8333-4338-BF9C-B73F5DAAAA2E}.Debug_x86|Any CPU.ActiveCfg = Debug|Any CPU
		{98E0021C-8333-4338-BF9C-B73F5DAAAA2E}.Debug_x86|Any CPU.Build.0 = Debug|Any CPU
		{98E0021C-8333-4338-BF9C-B73F5DAAAA2E}.Debug|Any CPU.ActiveCfg = Debug|Any CPU
		{98E0021C-8333-4338-BF9C-B73F5DAAAA2E}.Debug|Any CPU.Build.0 = Debug|Any CPU
		{98E0021C-8333-4338-BF9C-B73F5DAAAA2E}.Release_x86|Any CPU.ActiveCfg = Release|Any CPU
		{98E0021C-8333-4338-BF9C-B73F5DAAAA2E}.Release_x86|Any CPU.Build.0 = Release|Any CPU
		{98E0021C-8333-4338-BF9C-B73F5DAAAA2E}.Release|Any CPU.ActiveCfg = Release|Any CPU
		{98E0021C-8333-4338-BF9C-B73F5DAAAA2E}.Release|Any CPU.Build.0 = Release|Any CPU
		{203132D7-AE7F-49F0-8F4E-75E99A28E989}.Debug_x86|Any CPU.ActiveCfg = Debug|Any CPU
		{203132D7-AE7F-49F0-8F4E-75E99A28E989}.Debug_x86|Any CPU.Build.0 = Debug|Any CPU
		{203132D7-AE7F-49F0-8F4E-75E99A28E989}.Debug|Any CPU.ActiveCfg = Debug|Any CPU
		{203132D7-AE7F-49F0-8F4E-75E99A28E989}.Debug|Any CPU.Build.0 = Debug|Any CPU
		{203132D7-AE7F-49F0-8F4E-75E99A28E989}.Release_x86|Any CPU.ActiveCfg = Release|Any CPU
		{203132D7-AE7F-49F0-8F4E-75E99A28E989}.Release_x86|Any CPU.Build.0 = Release|Any CPU
		{203132D7-AE7F-49F0-8F4E-75E99A28E989}.Release|Any CPU.ActiveCfg = Release|Any CPU
		{203132D7-AE7F-49F0-8F4E-75E99A28E989}.Release|Any CPU.Build.0 = Release|Any CPU
	EndGlobalSection
	GlobalSection(SolutionProperties) = preSolution
		HideSolutionNode = FALSE
	EndGlobalSection
	GlobalSection(NestedProjects) = preSolution
		{EA4F8FFB-0A8B-4E04-A6D8-17E4B3D9FC27} = {0A0CB496-89D6-49CB-8C53-20B6580BFB83}
		{31132653-55A2-4ADB-BABB-60F386D2A98E} = {0A0CB496-89D6-49CB-8C53-20B6580BFB83}
		{61B63762-135C-4891-BD9C-7AC200DBE3EE} = {0A0CB496-89D6-49CB-8C53-20B6580BFB83}
		{98E0021C-8333-4338-BF9C-B73F5DAAAA2E} = {74258BAD-FFED-4862-8E5E-D81DE377B284}
		{203132D7-AE7F-49F0-8F4E-75E99A28E989} = {74258BAD-FFED-4862-8E5E-D81DE377B284}
	EndGlobalSection
EndGlobal
